
Microsoft Visual Studio Solution File, Format Version 12.00
# Visual Studio Version 16
VisualStudioVersion = 16.0.31112.23
MinimumVisualStudioVersion = 10.0.40219.1
Project("{8BC9CEB8-8B4A-11D0-8D11-00A0C91BC942}") = "MFC-Multithreading", "MFC-Multithreading.vcxproj", "{C30C7B04-3F19-4097-8600-34117A62F091}"
EndProject
Global
	GlobalSection(SolutionConfigurationPlatforms) = preSolution
		Debug|x64 = Debug|x64
		Debug|x86 = Debug|x86
		Release|x64 = Release|x64
		Release|x86 = Release|x86
	EndGlobalSection
	GlobalSection(ProjectConfigurationPlatforms) = postSolution
		{C30C7B04-3F19-4097-8600-34117A62F091}.Debug|x64.ActiveCfg = Debug|x64
		{C30C7B04-3F19-4097-8600-34117A62F091}.Debug|x64.Build.0 = Debug|x64
		{C30C7B04-3F19-4097-8600-34117A62F091}.Debug|x86.ActiveCfg = Debug|Win32
		{C30C7B04-3F19-4097-8600-34117A62F091}.Debug|x86.Build.0 = Debug|Win32
		{C30C7B04-3F19-4097-8600-34117A62F091}.Release|x64.ActiveCfg = Release|x64
		{C30C7B04-3F19-4097-8600-34117A62F091}.Release|x64.Build.0 = Release|x64
		{C30C7B04-3F19-4097-8600-34117A62F091}.Release|x86.ActiveCfg = Release|Win32
		{C30C7B04-3F19-4097-8600-34117A62F091}.Release|x86.Build.0 = Release|Win32
	EndGlobalSection
	GlobalSection(SolutionProperties) = preSolution
		HideSolutionNode = FALSE
	EndGlobalSection
	GlobalSection(ExtensibilityGlobals) = postSolution
		SolutionGuid = {0341A05D-34D0-43F2-8F36-F57AE0B430F7}
	EndGlobalSection
EndGlobal
